
Microsoft Visual Studio Solution File, Format Version 12.00
# Visual Studio Version 16
VisualStudioVersion = 16.0.29613.14
MinimumVisualStudioVersion = 10.0.40219.1
Project("{FAE04EC0-301F-11D3-BF4B-00C04F79EFBC}") = "DemoAppGitHub", "DemoAppGitHub\DemoAppGitHub.csproj", "{333BE8C8-BE21-4637-B4E7-93B211F25544}"
EndProject
Global
	GlobalSection(SolutionConfigurationPlatforms) = preSolution
		Debug|Any CPU = Debug|Any CPU
		Release|Any CPU = Release|Any CPU
	EndGlobalSection
	GlobalSection(ProjectConfigurationPlatforms) = postSolution
		{333BE8C8-BE21-4637-B4E7-93B211F25544}.Debug|Any CPU.ActiveCfg = Debug|Any CPU
		{333BE8C8-BE21-4637-B4E7-93B211F25544}.Debug|Any CPU.Build.0 = Debug|Any CPU
		{333BE8C8-BE21-4637-B4E7-93B211F25544}.Release|Any CPU.ActiveCfg = Release|Any CPU
		{333BE8C8-BE21-4637-B4E7-93B211F25544}.Release|Any CPU.Build.0 = Release|Any CPU
	EndGlobalSection
	GlobalSection(SolutionProperties) = preSolution
		HideSolutionNode = FALSE
	EndGlobalSection
	GlobalSection(ExtensibilityGlobals) = postSolution
		SolutionGuid = {586F15C8-8FDB-4B1B-9F1C-11EC2637AC6E}
	EndGlobalSection
EndGlobal
